
Microsoft Visual Studio Solution File, Format Version 12.00
# Visual Studio Version 17
VisualStudioVersion = 17.4.33103.184
MinimumVisualStudioVersion = 10.0.40219.1
Project("{FAE04EC0-301F-11D3-BF4B-00C04F79EFBC}") = "test", "test\test.csproj", "{5F48C011-0C92-4930-AADB-355B12186CED}"
EndProject
Global
	GlobalSection(SolutionConfigurationPlatforms) = preSolution
		Debug|Any CPU = Debug|Any CPU
		Release|Any CPU = Release|Any CPU
	EndGlobalSection
	GlobalSection(ProjectConfigurationPlatforms) = postSolution
		{5F48C011-0C92-4930-AADB-355B12186CED}.Debug|Any CPU.ActiveCfg = Debug|Any CPU
		{5F48C011-0C92-4930-AADB-355B12186CED}.Debug|Any CPU.Build.0 = Debug|Any CPU
		{5F48C011-0C92-4930-AADB-355B12186CED}.Release|Any CPU.ActiveCfg = Release|Any CPU
		{5F48C011-0C92-4930-AADB-355B12186CED}.Release|Any CPU.Build.0 = Release|Any CPU
	EndGlobalSection
	GlobalSection(SolutionProperties) = preSolution
		HideSolutionNode = FALSE
	EndGlobalSection
	GlobalSection(ExtensibilityGlobals) = postSolution
		SolutionGuid = {80B59407-2450-497A-A87D-C4D88AF7D713}
	EndGlobalSection
EndGlobal
